
Microsoft Visual Studio Solution File, Format Version 12.00
# Visual Studio Version 17
VisualStudioVersion = 17.5.33516.290
MinimumVisualStudioVersion = 10.0.40219.1
Project("{FAE04EC0-301F-11D3-BF4B-00C04F79EFBC}") = "NetworkUtility", "NetworkUtility\NetworkUtility.csproj", "{B74E90E6-836B-4D78-8E8C-0961B76DB429}"
EndProject
Project("{FAE04EC0-301F-11D3-BF4B-00C04F79EFBC}") = "NetworkUtility.Tests", "NetworkUtility.Tests\NetworkUtility.Tests.csproj", "{A5AB2732-1335-4BE5-B652-F983C6CA382B}"
EndProject
Global
	GlobalSection(SolutionConfigurationPlatforms) = preSolution
		Debug|Any CPU = Debug|Any CPU
		Release|Any CPU = Release|Any CPU
	EndGlobalSection
	GlobalSection(ProjectConfigurationPlatforms) = postSolution
		{B74E90E6-836B-4D78-8E8C-0961B76DB429}.Debug|Any CPU.ActiveCfg = Debug|Any CPU
		{B74E90E6-836B-4D78-8E8C-0961B76DB429}.Debug|Any CPU.Build.0 = Debug|Any CPU
		{B74E90E6-836B-4D78-8E8C-0961B76DB429}.Release|Any CPU.ActiveCfg = Release|Any CPU
		{B74E90E6-836B-4D78-8E8C-0961B76DB429}.Release|Any CPU.Build.0 = Release|Any CPU
		{A5AB2732-1335-4BE5-B652-F983C6CA382B}.Debug|Any CPU.ActiveCfg = Debug|Any CPU
		{A5AB2732-1335-4BE5-B652-F983C6CA382B}.Debug|Any CPU.Build.0 = Debug|Any CPU
		{A5AB2732-1335-4BE5-B652-F983C6CA382B}.Release|Any CPU.ActiveCfg = Release|Any CPU
		{A5AB2732-1335-4BE5-B652-F983C6CA382B}.Release|Any CPU.Build.0 = Release|Any CPU
	EndGlobalSection
	GlobalSection(SolutionProperties) = preSolution
		HideSolutionNode = FALSE
	EndGlobalSection
	GlobalSection(ExtensibilityGlobals) = postSolution
		SolutionGuid = {711D004D-638C-4D9E-98E3-1604147360AD}
	EndGlobalSection
EndGlobal
